// !$*UTF8*$!
{
	archiveVersion = 1;
	classes = {
	};
	objectVersion = 55;
	objects = {

/* Begin PBXBuildFile section */
		BF234507282C57CC00C8971E /* StaticURLs.swift in Sources */ = {isa = PBXBuildFile; fileRef = BF234506282C57CC00C8971E /* StaticURLs.swift */; };
		BF4848AE282F813900466DEE /* MapView.swift in Sources */ = {isa = PBXBuildFile; fileRef = BF4848AD282F813900466DEE /* MapView.swift */; };
		BF4848B0282F8BF600466DEE /* CoordinateRegionViewModel.swift in Sources */ = {isa = PBXBuildFile; fileRef = BF4848AF282F8BF600466DEE /* CoordinateRegionViewModel.swift */; };
		BF51DBFE283C3CF5005D3A72 /* SunriseSunset.swift in Sources */ = {isa = PBXBuildFile; fileRef = BF51DBFD283C3CF5005D3A72 /* SunriseSunset.swift */; };
		BF7883A328458B1700AAE737 /* MapViewModel.swift in Sources */ = {isa = PBXBuildFile; fileRef = BF7883A228458B1700AAE737 /* MapViewModel.swift */; };
		BF7883A52845D9E900AAE737 /* MapViewModelTests.swift in Sources */ = {isa = PBXBuildFile; fileRef = BF7883A42845D9E900AAE737 /* MapViewModelTests.swift */; };
		BF7883A7284870AC00AAE737 /* CacheViewModel.swift in Sources */ = {isa = PBXBuildFile; fileRef = BF7883A6284870AC00AAE737 /* CacheViewModel.swift */; };
		BFA58F782835E5200017AB0E /* PlaceViewModelTests.swift in Sources */ = {isa = PBXBuildFile; fileRef = BFA58F772835E51F0017AB0E /* PlaceViewModelTests.swift */; };
		BFA996D22820B8B000C7378E /* MasterView.swift in Sources */ = {isa = PBXBuildFile; fileRef = BFA996D12820B8B000C7378E /* MasterView.swift */; };
		BFA996D42820B8BA00C7378E /* DetailView.swift in Sources */ = {isa = PBXBuildFile; fileRef = BFA996D32820B8BA00C7378E /* DetailView.swift */; };
		BFA996DA282339BE00C7378E /* PlaceViewModel.swift in Sources */ = {isa = PBXBuildFile; fileRef = BFA996D9282339BE00C7378E /* PlaceViewModel.swift */; };
		BFDC7224281FB373008DD11D /* FavouritePlacesApp.swift in Sources */ = {isa = PBXBuildFile; fileRef = BFDC7223281FB373008DD11D /* FavouritePlacesApp.swift */; };
		BFDC7226281FB373008DD11D /* ContentView.swift in Sources */ = {isa = PBXBuildFile; fileRef = BFDC7225281FB373008DD11D /* ContentView.swift */; };
		BFDC7228281FB377008DD11D /* Assets.xcassets in Resources */ = {isa = PBXBuildFile; fileRef = BFDC7227281FB377008DD11D /* Assets.xcassets */; };
		BFDC722B281FB377008DD11D /* Preview Assets.xcassets in Resources */ = {isa = PBXBuildFile; fileRef = BFDC722A281FB377008DD11D /* Preview Assets.xcassets */; };
		BFDC722D281FB377008DD11D /* Persistence.swift in Sources */ = {isa = PBXBuildFile; fileRef = BFDC722C281FB377008DD11D /* Persistence.swift */; };
		BFDC7230281FB377008DD11D /* FavouritePlaces.xcdatamodeld in Sources */ = {isa = PBXBuildFile; fileRef = BFDC722E281FB377008DD11D /* FavouritePlaces.xcdatamodeld */; };
		BFDC723A281FB377008DD11D /* FavouritePlacesTests.swift in Sources */ = {isa = PBXBuildFile; fileRef = BFDC7239281FB377008DD11D /* FavouritePlacesTests.swift */; };
		BFDC7244281FB377008DD11D /* FavouritePlacesUITests.swift in Sources */ = {isa = PBXBuildFile; fileRef = BFDC7243281FB377008DD11D /* FavouritePlacesUITests.swift */; };
		BFDC7246281FB377008DD11D /* FavouritePlacesUITestsLaunchTests.swift in Sources */ = {isa = PBXBuildFile; fileRef = BFDC7245281FB377008DD11D /* FavouritePlacesUITestsLaunchTests.swift */; };
/* End PBXBuildFile section */

/* Begin PBXContainerItemProxy section */
		BFDC7236281FB377008DD11D /* PBXContainerItemProxy */ = {
			isa = PBXContainerItemProxy;
			containerPortal = BFDC7218281FB373008DD11D /* Project object */;
			proxyType = 1;
			remoteGlobalIDString = BFDC721F281FB373008DD11D;
			remoteInfo = FavouritePlaces;
		};
		BFDC7240281FB377008DD11D /* PBXContainerItemProxy */ = {
			isa = PBXContainerItemProxy;
			containerPortal = BFDC7218281FB373008DD11D /* Project object */;
			proxyType = 1;
			remoteGlobalIDString = BFDC721F281FB373008DD11D;
			remoteInfo = FavouritePlaces;
		};
/* End PBXContainerItemProxy section */

/* Begin PBXFileReference section */
		BF234506282C57CC00C8971E /* StaticURLs.swift */ = {isa = PBXFileReference; lastKnownFileType = sourcecode.swift; path = StaticURLs.swift; sourceTree = "<group>"; };
		BF4848AD282F813900466DEE /* MapView.swift */ = {isa = PBXFileReference; lastKnownFileType = sourcecode.swift; path = MapView.swift; sourceTree = "<group>"; };
		BF4848AF282F8BF600466DEE /* CoordinateRegionViewModel.swift */ = {isa = PBXFileReference; lastKnownFileType = sourcecode.swift; path = CoordinateRegionViewModel.swift; sourceTree = "<group>"; };
		BF51DBFD283C3CF5005D3A72 /* SunriseSunset.swift */ = {isa = PBXFileReference; lastKnownFileType = sourcecode.swift; path = SunriseSunset.swift; sourceTree = "<group>"; };
		BF7883A228458B1700AAE737 /* MapViewModel.swift */ = {isa = PBXFileReference; lastKnownFileType = sourcecode.swift; path = MapViewModel.swift; sourceTree = "<group>"; };
		BF7883A42845D9E900AAE737 /* MapViewModelTests.swift */ = {isa = PBXFileReference; lastKnownFileType = sourcecode.swift; path = MapViewModelTests.swift; sourceTree = "<group>"; };
		BF7883A6284870AC00AAE737 /* CacheViewModel.swift */ = {isa = PBXFileReference; lastKnownFileType = sourcecode.swift; path = CacheViewModel.swift; sourceTree = "<group>"; };
		BFA58F772835E51F0017AB0E /* PlaceViewModelTests.swift */ = {isa = PBXFileReference; lastKnownFileType = sourcecode.swift; path = PlaceViewModelTests.swift; sourceTree = "<group>"; };
		BFA996D12820B8B000C7378E /* MasterView.swift */ = {isa = PBXFileReference; lastKnownFileType = sourcecode.swift; path = MasterView.swift; sourceTree = "<group>"; };
		BFA996D32820B8BA00C7378E /* DetailView.swift */ = {isa = PBXFileReference; lastKnownFileType = sourcecode.swift; path = DetailView.swift; sourceTree = "<group>"; };
		BFA996D62823393500C7378E /* Place+CoreDataClass.swift */ = {isa = PBXFileReference; lastKnownFileType = sourcecode.swift; path = "Place+CoreDataClass.swift"; sourceTree = "<group>"; };
		BFA996D72823393500C7378E /* Place+CoreDataProperties.swift */ = {isa = PBXFileReference; lastKnownFileType = sourcecode.swift; path = "Place+CoreDataProperties.swift"; sourceTree = "<group>"; };
		BFA996D9282339BE00C7378E /* PlaceViewModel.swift */ = {isa = PBXFileReference; lastKnownFileType = sourcecode.swift; path = PlaceViewModel.swift; sourceTree = "<group>"; };
		BFDC7220281FB373008DD11D /* FavouritePlaces.app */ = {isa = PBXFileReference; explicitFileType = wrapper.application; includeInIndex = 0; path = FavouritePlaces.app; sourceTree = BUILT_PRODUCTS_DIR; };
		BFDC7223281FB373008DD11D /* FavouritePlacesApp.swift */ = {isa = PBXFileReference; lastKnownFileType = sourcecode.swift; path = FavouritePlacesApp.swift; sourceTree = "<group>"; };
		BFDC7225281FB373008DD11D /* ContentView.swift */ = {isa = PBXFileReference; lastKnownFileType = sourcecode.swift; path = ContentView.swift; sourceTree = "<group>"; };
		BFDC7227281FB377008DD11D /* Assets.xcassets */ = {isa = PBXFileReference; lastKnownFileType = folder.assetcatalog; path = Assets.xcassets; sourceTree = "<group>"; };
		BFDC722A281FB377008DD11D /* Preview Assets.xcassets */ = {isa = PBXFileReference; lastKnownFileType = folder.assetcatalog; path = "Preview Assets.xcassets"; sourceTree = "<group>"; };
		BFDC722C281FB377008DD11D /* Persistence.swift */ = {isa = PBXFileReference; lastKnownFileType = sourcecode.swift; path = Persistence.swift; sourceTree = "<group>"; };
		BFDC722F281FB377008DD11D /* FavouritePlaces.xcdatamodel */ = {isa = PBXFileReference; lastKnownFileType = wrapper.xcdatamodel; path = FavouritePlaces.xcdatamodel; sourceTree = "<group>"; };
		BFDC7235281FB377008DD11D /* FavouritePlacesTests.xctest */ = {isa = PBXFileReference; explicitFileType = wrapper.cfbundle; includeInIndex = 0; path = FavouritePlacesTests.xctest; sourceTree = BUILT_PRODUCTS_DIR; };
		BFDC7239281FB377008DD11D /* FavouritePlacesTests.swift */ = {isa = PBXFileReference; lastKnownFileType = sourcecode.swift; path = FavouritePlacesTests.swift; sourceTree = "<group>"; };
		BFDC723F281FB377008DD11D /* FavouritePlacesUITests.xctest */ = {isa = PBXFileReference; explicitFileType = wrapper.cfbundle; includeInIndex = 0; path = FavouritePlacesUITests.xctest; sourceTree = BUILT_PRODUCTS_DIR; };
		BFDC7243281FB377008DD11D /* FavouritePlacesUITests.swift */ = {isa = PBXFileReference; lastKnownFileType = sourcecode.swift; path = FavouritePlacesUITests.swift; sourceTree = "<group>"; };
		BFDC7245281FB377008DD11D /* FavouritePlacesUITestsLaunchTests.swift */ = {isa = PBXFileReference; lastKnownFileType = sourcecode.swift; path = FavouritePlacesUITestsLaunchTests.swift; sourceTree = "<group>"; };
/* End PBXFileReference section */

/* Begin PBXFrameworksBuildPhase section */
		BFDC721D281FB373008DD11D /* Frameworks */ = {
			isa = PBXFrameworksBuildPhase;
			buildActionMask = 2147483647;
			files = (
			);
			runOnlyForDeploymentPostprocessing = 0;
		};
		BFDC7232281FB377008DD11D /* Frameworks */ = {
			isa = PBXFrameworksBuildPhase;
			buildActionMask = 2147483647;
			files = (
			);
			runOnlyForDeploymentPostprocessing = 0;
		};
		BFDC723C281FB377008DD11D /* Frameworks */ = {
			isa = PBXFrameworksBuildPhase;
			buildActionMask = 2147483647;
			files = (
			);
			runOnlyForDeploymentPostprocessing = 0;
		};
/* End PBXFrameworksBuildPhase section */

/* Begin PBXGroup section */
		BF234505282C579E00C8971E /* StaticData */ = {
			isa = PBXGroup;
			children = (
				BF234506282C57CC00C8971E /* StaticURLs.swift */,
			);
			path = StaticData;
			sourceTree = "<group>";
		};
		BFA996D02820B89700C7378E /* Views */ = {
			isa = PBXGroup;
			children = (
				BFDC7225281FB373008DD11D /* ContentView.swift */,
				BFA996D12820B8B000C7378E /* MasterView.swift */,
				BFA996D32820B8BA00C7378E /* DetailView.swift */,
				BF4848AD282F813900466DEE /* MapView.swift */,
			);
			path = Views;
			sourceTree = "<group>";
		};
		BFA996D52823386400C7378E /* CoreData */ = {
			isa = PBXGroup;
			children = (
				BFA996D62823393500C7378E /* Place+CoreDataClass.swift */,
				BFA996D72823393500C7378E /* Place+CoreDataProperties.swift */,
			);
			path = CoreData;
			sourceTree = "<group>";
		};
		BFA996D82823399D00C7378E /* ViewModel */ = {
			isa = PBXGroup;
			children = (
				BFA996D9282339BE00C7378E /* PlaceViewModel.swift */,
				BF4848AF282F8BF600466DEE /* CoordinateRegionViewModel.swift */,
				BF51DBFD283C3CF5005D3A72 /* SunriseSunset.swift */,
				BF7883A228458B1700AAE737 /* MapViewModel.swift */,
				BF7883A6284870AC00AAE737 /* CacheViewModel.swift */,
			);
			path = ViewModel;
			sourceTree = "<group>";
		};
		BFDC7217281FB373008DD11D = {
			isa = PBXGroup;
			children = (
				BFDC7222281FB373008DD11D /* FavouritePlaces */,
				BFDC7238281FB377008DD11D /* FavouritePlacesTests */,
				BFDC7242281FB377008DD11D /* FavouritePlacesUITests */,
				BFDC7221281FB373008DD11D /* Products */,
			);
			sourceTree = "<group>";
		};
		BFDC7221281FB373008DD11D /* Products */ = {
			isa = PBXGroup;
			children = (
				BFDC7220281FB373008DD11D /* FavouritePlaces.app */,
				BFDC7235281FB377008DD11D /* FavouritePlacesTests.xctest */,
				BFDC723F281FB377008DD11D /* FavouritePlacesUITests.xctest */,
			);
			name = Products;
			sourceTree = "<group>";
		};
		BFDC7222281FB373008DD11D /* FavouritePlaces */ = {
			isa = PBXGroup;
			children = (
				BF234505282C579E00C8971E /* StaticData */,
				BFA996D52823386400C7378E /* CoreData */,
				BFA996D82823399D00C7378E /* ViewModel */,
				BFA996D02820B89700C7378E /* Views */,
				BFDC7223281FB373008DD11D /* FavouritePlacesApp.swift */,
				BFDC7227281FB377008DD11D /* Assets.xcassets */,
				BFDC722C281FB377008DD11D /* Persistence.swift */,
				BFDC722E281FB377008DD11D /* FavouritePlaces.xcdatamodeld */,
				BFDC7229281FB377008DD11D /* Preview Content */,
			);
			path = FavouritePlaces;
			sourceTree = "<group>";
		};
		BFDC7229281FB377008DD11D /* Preview Content */ = {
			isa = PBXGroup;
			children = (
				BFDC722A281FB377008DD11D /* Preview Assets.xcassets */,
			);
			path = "Preview Content";
			sourceTree = "<group>";
		};
		BFDC7238281FB377008DD11D /* FavouritePlacesTests */ = {
			isa = PBXGroup;
			children = (
				BFDC7239281FB377008DD11D /* FavouritePlacesTests.swift */,
				BFA58F772835E51F0017AB0E /* PlaceViewModelTests.swift */,
				BF7883A42845D9E900AAE737 /* MapViewModelTests.swift */,
			);
			path = FavouritePlacesTests;
			sourceTree = "<group>";
		};
		BFDC7242281FB377008DD11D /* FavouritePlacesUITests */ = {
			isa = PBXGroup;
			children = (
				BFDC7243281FB377008DD11D /* FavouritePlacesUITests.swift */,
				BFDC7245281FB377008DD11D /* FavouritePlacesUITestsLaunchTests.swift */,
			);
			path = FavouritePlacesUITests;
			sourceTree = "<group>";
		};
/* End PBXGroup section */

/* Begin PBXNativeTarget section */
		BFDC721F281FB373008DD11D /* FavouritePlaces */ = {
			isa = PBXNativeTarget;
			buildConfigurationList = BFDC7249281FB377008DD11D /* Build configuration list for PBXNativeTarget "FavouritePlaces" */;
			buildPhases = (
				BFDC721C281FB373008DD11D /* Sources */,
				BFDC721D281FB373008DD11D /* Frameworks */,
				BFDC721E281FB373008DD11D /* Resources */,
			);
			buildRules = (
			);
			dependencies = (
			);
			name = FavouritePlaces;
			productName = FavouritePlaces;
			productReference = BFDC7220281FB373008DD11D /* FavouritePlaces.app */;
			productType = "com.apple.product-type.application";
		};
		BFDC7234281FB377008DD11D /* FavouritePlacesTests */ = {
			isa = PBXNativeTarget;
			buildConfigurationList = BFDC724C281FB377008DD11D /* Build configuration list for PBXNativeTarget "FavouritePlacesTests" */;
			buildPhases = (
				BFDC7231281FB377008DD11D /* Sources */,
				BFDC7232281FB377008DD11D /* Frameworks */,
				BFDC7233281FB377008DD11D /* Resources */,
			);
			buildRules = (
			);
			dependencies = (
				BFDC7237281FB377008DD11D /* PBXTargetDependency */,
			);
			name = FavouritePlacesTests;
			productName = FavouritePlacesTests;
			productReference = BFDC7235281FB377008DD11D /* FavouritePlacesTests.xctest */;
			productType = "com.apple.product-type.bundle.unit-test";
		};
		BFDC723E281FB377008DD11D /* FavouritePlacesUITests */ = {
			isa = PBXNativeTarget;
			buildConfigurationList = BFDC724F281FB377008DD11D /* Build configuration list for PBXNativeTarget "FavouritePlacesUITests" */;
			buildPhases = (
				BFDC723B281FB377008DD11D /* Sources */,
				BFDC723C281FB377008DD11D /* Frameworks */,
				BFDC723D281FB377008DD11D /* Resources */,
			);
			buildRules = (
			);
			dependencies = (
				BFDC7241281FB377008DD11D /* PBXTargetDependency */,
			);
			name = FavouritePlacesUITests;
			productName = FavouritePlacesUITests;
			productReference = BFDC723F281FB377008DD11D /* FavouritePlacesUITests.xctest */;
			productType = "com.apple.product-type.bundle.ui-testing";
		};
/* End PBXNativeTarget section */

/* Begin PBXProject section */
		BFDC7218281FB373008DD11D /* Project object */ = {
			isa = PBXProject;
			attributes = {
				BuildIndependentTargetsInParallel = 1;
				LastSwiftUpdateCheck = 1330;
				LastUpgradeCheck = 1330;
				TargetAttributes = {
					BFDC721F281FB373008DD11D = {
						CreatedOnToolsVersion = 13.3;
					};
					BFDC7234281FB377008DD11D = {
						CreatedOnToolsVersion = 13.3;
						TestTargetID = BFDC721F281FB373008DD11D;
					};
					BFDC723E281FB377008DD11D = {
						CreatedOnToolsVersion = 13.3;
						TestTargetID = BFDC721F281FB373008DD11D;
					};
				};
			};
			buildConfigurationList = BFDC721B281FB373008DD11D /* Build configuration list for PBXProject "FavouritePlaces" */;
			compatibilityVersion = "Xcode 13.0";
			developmentRegion = en;
			hasScannedForEncodings = 0;
			knownRegions = (
				en,
				Base,
			);
			mainGroup = BFDC7217281FB373008DD11D;
			productRefGroup = BFDC7221281FB373008DD11D /* Products */;
			projectDirPath = "";
			projectRoot = "";
			targets = (
				BFDC721F281FB373008DD11D /* FavouritePlaces */,
				BFDC7234281FB377008DD11D /* FavouritePlacesTests */,
				BFDC723E281FB377008DD11D /* FavouritePlacesUITests */,
			);
		};
/* End PBXProject section */

/* Begin PBXResourcesBuildPhase section */
		BFDC721E281FB373008DD11D /* Resources */ = {
			isa = PBXResourcesBuildPhase;
			buildActionMask = 2147483647;
			files = (
				BFDC722B281FB377008DD11D /* Preview Assets.xcassets in Resources */,
				BFDC7228281FB377008DD11D /* Assets.xcassets in Resources */,
			);
			runOnlyForDeploymentPostprocessing = 0;
		};
		BFDC7233281FB377008DD11D /* Resources */ = {
			isa = PBXResourcesBuildPhase;
			buildActionMask = 2147483647;
			files = (
			);
			runOnlyForDeploymentPostprocessing = 0;
		};
		BFDC723D281FB377008DD11D /* Resources */ = {
			isa = PBXResourcesBuildPhase;
			buildActionMask = 2147483647;
			files = (
			);
			runOnlyForDeploymentPostprocessing = 0;
		};
/* End PBXResourcesBuildPhase section */

/* Begin PBXSourcesBuildPhase section */
		BFDC721C281FB373008DD11D /* Sources */ = {
			isa = PBXSourcesBuildPhase;
			buildActionMask = 2147483647;
			files = (
				BFDC722D281FB377008DD11D /* Persistence.swift in Sources */,
				BFA996D42820B8BA00C7378E /* DetailView.swift in Sources */,
				BF4848B0282F8BF600466DEE /* CoordinateRegionViewModel.swift in Sources */,
				BFDC7230281FB377008DD11D /* FavouritePlaces.xcdatamodeld in Sources */,
				BFA996DA282339BE00C7378E /* PlaceViewModel.swift in Sources */,
				BFDC7226281FB373008DD11D /* ContentView.swift in Sources */,
				BFA996D22820B8B000C7378E /* MasterView.swift in Sources */,
				BFDC7224281FB373008DD11D /* FavouritePlacesApp.swift in Sources */,
				BF51DBFE283C3CF5005D3A72 /* SunriseSunset.swift in Sources */,
				BF4848AE282F813900466DEE /* MapView.swift in Sources */,
				BF7883A7284870AC00AAE737 /* CacheViewModel.swift in Sources */,
				BF234507282C57CC00C8971E /* StaticURLs.swift in Sources */,
				BF7883A328458B1700AAE737 /* MapViewModel.swift in Sources */,
			);
			runOnlyForDeploymentPostprocessing = 0;
		};
		BFDC7231281FB377008DD11D /* Sources */ = {
			isa = PBXSourcesBuildPhase;
			buildActionMask = 2147483647;
			files = (
				BFA58F782835E5200017AB0E /* PlaceViewModelTests.swift in Sources */,
				BF7883A52845D9E900AAE737 /* MapViewModelTests.swift in Sources */,
				BFDC723A281FB377008DD11D /* FavouritePlacesTests.swift in Sources */,
			);
			runOnlyForDeploymentPostprocessing = 0;
		};
		BFDC723B281FB377008DD11D /* Sources */ = {
			isa = PBXSourcesBuildPhase;
			buildActionMask = 2147483647;
			files = (
				BFDC7246281FB377008DD11D /* FavouritePlacesUITestsLaunchTests.swift in Sources */,
				BFDC7244281FB377008DD11D /* FavouritePlacesUITests.swift in Sources */,
			);
			runOnlyForDeploymentPostprocessing = 0;
		};
/* End PBXSourcesBuildPhase section */

/* Begin PBXTargetDependency section */
		BFDC7237281FB377008DD11D /* PBXTargetDependency */ = {
			isa = PBXTargetDependency;
			target = BFDC721F281FB373008DD11D /* FavouritePlaces */;
			targetProxy = BFDC7236281FB377008DD11D /* PBXContainerItemProxy */;
		};
		BFDC7241281FB377008DD11D /* PBXTargetDependency */ = {
			isa = PBXTargetDependency;
			target = BFDC721F281FB373008DD11D /* FavouritePlaces */;
			targetProxy = BFDC7240281FB377008DD11D /* PBXContainerItemProxy */;
		};
/* End PBXTargetDependency section */

/* Begin XCBuildConfiguration section */
		BFDC7247281FB377008DD11D /* Debug */ = {
			isa = XCBuildConfiguration;
			buildSettings = {
				ALWAYS_SEARCH_USER_PATHS = NO;
				CLANG_ANALYZER_NONNULL = YES;
				CLANG_ANALYZER_NUMBER_OBJECT_CONVERSION = YES_AGGRESSIVE;
				CLANG_CXX_LANGUAGE_STANDARD = "gnu++17";
				CLANG_ENABLE_MODULES = YES;
				CLANG_ENABLE_OBJC_ARC = YES;
				CLANG_ENABLE_OBJC_WEAK = YES;
				CLANG_WARN_BLOCK_CAPTURE_AUTORELEASING = YES;
				CLANG_WARN_BOOL_CONVERSION = YES;
				CLANG_WARN_COMMA = YES;
				CLANG_WARN_CONSTANT_CONVERSION = YES;
				CLANG_WARN_DEPRECATED_OBJC_IMPLEMENTATIONS = YES;
				CLANG_WARN_DIRECT_OBJC_ISA_USAGE = YES_ERROR;
				CLANG_WARN_DOCUMENTATION_COMMENTS = YES;
				CLANG_WARN_EMPTY_BODY = YES;
				CLANG_WARN_ENUM_CONVERSION = YES;
				CLANG_WARN_INFINITE_RECURSION = YES;
				CLANG_WARN_INT_CONVERSION = YES;
				CLANG_WARN_NON_LITERAL_NULL_CONVERSION = YES;
				CLANG_WARN_OBJC_IMPLICIT_RETAIN_SELF = YES;
				CLANG_WARN_OBJC_LITERAL_CONVERSION = YES;
				CLANG_WARN_OBJC_ROOT_CLASS = YES_ERROR;
				CLANG_WARN_QUOTED_INCLUDE_IN_FRAMEWORK_HEADER = YES;
				CLANG_WARN_RANGE_LOOP_ANALYSIS = YES;
				CLANG_WARN_STRICT_PROTOTYPES = YES;
				CLANG_WARN_SUSPICIOUS_MOVE = YES;
				CLANG_WARN_UNGUARDED_AVAILABILITY = YES_AGGRESSIVE;
				CLANG_WARN_UNREACHABLE_CODE = YES;
				CLANG_WARN__DUPLICATE_METHOD_MATCH = YES;
				COPY_PHASE_STRIP = NO;
				DEBUG_INFORMATION_FORMAT = dwarf;
				ENABLE_STRICT_OBJC_MSGSEND = YES;
				ENABLE_TESTABILITY = YES;
				GCC_C_LANGUAGE_STANDARD = gnu11;
				GCC_DYNAMIC_NO_PIC = NO;
				GCC_NO_COMMON_BLOCKS = YES;
				GCC_OPTIMIZATION_LEVEL = 0;
				GCC_PREPROCESSOR_DEFINITIONS = (
					"DEBUG=1",
					"$(inherited)",
				);
				GCC_WARN_64_TO_32_BIT_CONVERSION = YES;
				GCC_WARN_ABOUT_RETURN_TYPE = YES_ERROR;
				GCC_WARN_UNDECLARED_SELECTOR = YES;
				GCC_WARN_UNINITIALIZED_AUTOS = YES_AGGRESSIVE;
				GCC_WARN_UNUSED_FUNCTION = YES;
				GCC_WARN_UNUSED_VARIABLE = YES;
				IPHONEOS_DEPLOYMENT_TARGET = 15.4;
				MTL_ENABLE_DEBUG_INFO = INCLUDE_SOURCE;
				MTL_FAST_MATH = YES;
				ONLY_ACTIVE_ARCH = YES;
				SDKROOT = iphoneos;
				SWIFT_ACTIVE_COMPILATION_CONDITIONS = DEBUG;
				SWIFT_OPTIMIZATION_LEVEL = "-Onone";
			};
			name = Debug;
		};
		BFDC7248281FB377008DD11D /* Release */ = {
			isa = XCBuildConfiguration;
			buildSettings = {
				ALWAYS_SEARCH_USER_PATHS = NO;
				CLANG_ANALYZER_NONNULL = YES;
				CLANG_ANALYZER_NUMBER_OBJECT_CONVERSION = YES_AGGRESSIVE;
				CLANG_CXX_LANGUAGE_STANDARD = "gnu++17";
				CLANG_ENABLE_MODULES = YES;
				CLANG_ENABLE_OBJC_ARC = YES;
				CLANG_ENABLE_OBJC_WEAK = YES;
				CLANG_WARN_BLOCK_CAPTURE_AUTORELEASING = YES;
				CLANG_WARN_BOOL_CONVERSION = YES;
				CLANG_WARN_COMMA = YES;
				CLANG_WARN_CONSTANT_CONVERSION = YES;
				CLANG_WARN_DEPRECATED_OBJC_IMPLEMENTATIONS = YES;
				CLANG_WARN_DIRECT_OBJC_ISA_USAGE = YES_ERROR;
				CLANG_WARN_DOCUMENTATION_COMMENTS = YES;
				CLANG_WARN_EMPTY_BODY = YES;
				CLANG_WARN_ENUM_CONVERSION = YES;
				CLANG_WARN_INFINITE_RECURSION = YES;
				CLANG_WARN_INT_CONVERSION = YES;
				CLANG_WARN_NON_LITERAL_NULL_CONVERSION = YES;
				CLANG_WARN_OBJC_IMPLICIT_RETAIN_SELF = YES;
				CLANG_WARN_OBJC_LITERAL_CONVERSION = YES;
				CLANG_WARN_OBJC_ROOT_CLASS = YES_ERROR;
				CLANG_WARN_QUOTED_INCLUDE_IN_FRAMEWORK_HEADER = YES;
				CLANG_WARN_RANGE_LOOP_ANALYSIS = YES;
				CLANG_WARN_STRICT_PROTOTYPES = YES;
				CLANG_WARN_SUSPICIOUS_MOVE = YES;
				CLANG_WARN_UNGUARDED_AVAILABILITY = YES_AGGRESSIVE;
				CLANG_WARN_UNREACHABLE_CODE = YES;
				CLANG_WARN__DUPLICATE_METHOD_MATCH = YES;
				COPY_PHASE_STRIP = NO;
				DEBUG_INFORMATION_FORMAT = "dwarf-with-dsym";
				ENABLE_NS_ASSERTIONS = NO;
				ENABLE_STRICT_OBJC_MSGSEND = YES;
				GCC_C_LANGUAGE_STANDARD = gnu11;
				GCC_NO_COMMON_BLOCKS = YES;
				GCC_WARN_64_TO_32_BIT_CONVERSION = YES;
				GCC_WARN_ABOUT_RETURN_TYPE = YES_ERROR;
				GCC_WARN_UNDECLARED_SELECTOR = YES;
				GCC_WARN_UNINITIALIZED_AUTOS = YES_AGGRESSIVE;
				GCC_WARN_UNUSED_FUNCTION = YES;
				GCC_WARN_UNUSED_VARIABLE = YES;
				IPHONEOS_DEPLOYMENT_TARGET = 15.4;
				MTL_ENABLE_DEBUG_INFO = NO;
				MTL_FAST_MATH = YES;
				SDKROOT = iphoneos;
				SWIFT_COMPILATION_MODE = wholemodule;
				SWIFT_OPTIMIZATION_LEVEL = "-O";
				VALIDATE_PRODUCT = YES;
			};
			name = Release;
		};
		BFDC724A281FB377008DD11D /* Debug */ = {
			isa = XCBuildConfiguration;
			buildSettings = {
				ASSETCATALOG_COMPILER_APPICON_NAME = AppIcon;
				ASSETCATALOG_COMPILER_GLOBAL_ACCENT_COLOR_NAME = AccentColor;
				CODE_SIGN_STYLE = Automatic;
				CURRENT_PROJECT_VERSION = 1;
				DEVELOPMENT_ASSET_PATHS = "\"FavouritePlaces/Preview Content\"";
				ENABLE_PREVIEWS = YES;
				GENERATE_INFOPLIST_FILE = YES;
				INFOPLIST_KEY_UIApplicationSceneManifest_Generation = YES;
				INFOPLIST_KEY_UIApplicationSupportsIndirectInputEvents = YES;
				INFOPLIST_KEY_UILaunchScreen_Generation = YES;
				INFOPLIST_KEY_UISupportedInterfaceOrientations_iPad = "UIInterfaceOrientationPortrait UIInterfaceOrientationPortraitUpsideDown UIInterfaceOrientationLandscapeLeft UIInterfaceOrientationLandscapeRight";
				INFOPLIST_KEY_UISupportedInterfaceOrientations_iPhone = "UIInterfaceOrientationPortrait UIInterfaceOrientationLandscapeLeft UIInterfaceOrientationLandscapeRight";
				LD_RUNPATH_SEARCH_PATHS = (
					"$(inherited)",
					"@executable_path/Frameworks",
				);
				MARKETING_VERSION = 1.0;
				PRODUCT_BUNDLE_IDENTIFIER = timjahnke.FavouritePlaces;
				PRODUCT_NAME = "$(TARGET_NAME)";
				SWIFT_EMIT_LOC_STRINGS = YES;
				SWIFT_VERSION = 5.0;
				TARGETED_DEVICE_FAMILY = "1,2";
			};
			name = Debug;
		};
		BFDC724B281FB377008DD11D /* Release */ = {
			isa = XCBuildConfiguration;
			buildSettings = {
				ASSETCATALOG_COMPILER_APPICON_NAME = AppIcon;
				ASSETCATALOG_COMPILER_GLOBAL_ACCENT_COLOR_NAME = AccentColor;
				CODE_SIGN_STYLE = Automatic;
				CURRENT_PROJECT_VERSION = 1;
				DEVELOPMENT_ASSET_PATHS = "\"FavouritePlaces/Preview Content\"";
				ENABLE_PREVIEWS = YES;
				GENERATE_INFOPLIST_FILE = YES;
				INFOPLIST_KEY_UIApplicationSceneManifest_Generation = YES;
				INFOPLIST_KEY_UIApplicationSupportsIndirectInputEvents = YES;
				INFOPLIST_KEY_UILaunchScreen_Generation = YES;
				INFOPLIST_KEY_UISupportedInterfaceOrientations_iPad = "UIInterfaceOrientationPortrait UIInterfaceOrientationPortraitUpsideDown UIInterfaceOrientationLandscapeLeft UIInterfaceOrientationLandscapeRight";
				INFOPLIST_KEY_UISupportedInterfaceOrientations_iPhone = "UIInterfaceOrientationPortrait UIInterfaceOrientationLandscapeLeft UIInterfaceOrientationLandscapeRight";
				LD_RUNPATH_SEARCH_PATHS = (
					"$(inherited)",
					"@executable_path/Frameworks",
				);
				MARKETING_VERSION = 1.0;
				PRODUCT_BUNDLE_IDENTIFIER = timjahnke.FavouritePlaces;
				PRODUCT_NAME = "$(TARGET_NAME)";
				SWIFT_EMIT_LOC_STRINGS = YES;
				SWIFT_VERSION = 5.0;
				TARGETED_DEVICE_FAMILY = "1,2";
			};
			name = Release;
		};
		BFDC724D281FB377008DD11D /* Debug */ = {
			isa = XCBuildConfiguration;
			buildSettings = {
				ALWAYS_EMBED_SWIFT_STANDARD_LIBRARIES = YES;
				BUNDLE_LOADER = "$(TEST_HOST)";
				CODE_SIGN_STYLE = Automatic;
				CURRENT_PROJECT_VERSION = 1;
				GENERATE_INFOPLIST_FILE = YES;
				IPHONEOS_DEPLOYMENT_TARGET = 15.4;
				MARKETING_VERSION = 1.0;
				PRODUCT_BUNDLE_IDENTIFIER = timjahnke.FavouritePlacesTests;
				PRODUCT_NAME = "$(TARGET_NAME)";
				SWIFT_EMIT_LOC_STRINGS = NO;
				SWIFT_VERSION = 5.0;
				TARGETED_DEVICE_FAMILY = "1,2";
				TEST_HOST = "$(BUILT_PRODUCTS_DIR)/FavouritePlaces.app/FavouritePlaces";
			};
			name = Debug;
		};
		BFDC724E281FB377008DD11D /* Release */ = {
			isa = XCBuildConfiguration;
			buildSettings = {
				ALWAYS_EMBED_SWIFT_STANDARD_LIBRARIES = YES;
				BUNDLE_LOADER = "$(TEST_HOST)";
				CODE_SIGN_STYLE = Automatic;
				CURRENT_PROJECT_VERSION = 1;
				GENERATE_INFOPLIST_FILE = YES;
				IPHONEOS_DEPLOYMENT_TARGET = 15.4;
				MARKETING_VERSION = 1.0;
				PRODUCT_BUNDLE_IDENTIFIER = timjahnke.FavouritePlacesTests;
				PRODUCT_NAME = "$(TARGET_NAME)";
				SWIFT_EMIT_LOC_STRINGS = NO;
				SWIFT_VERSION = 5.0;
				TARGETED_DEVICE_FAMILY = "1,2";
				TEST_HOST = "$(BUILT_PRODUCTS_DIR)/FavouritePlaces.app/FavouritePlaces";
			};
			name = Release;
		};
		BFDC7250281FB377008DD11D /* Debug */ = {
			isa = XCBuildConfiguration;
			buildSettings = {
				ALWAYS_EMBED_SWIFT_STANDARD_LIBRARIES = YES;
				CODE_SIGN_STYLE = Automatic;
				CURRENT_PROJECT_VERSION = 1;
				GENERATE_INFOPLIST_FILE = YES;
				MARKETING_VERSION = 1.0;
				PRODUCT_BUNDLE_IDENTIFIER = timjahnke.FavouritePlacesUITests;
				PRODUCT_NAME = "$(TARGET_NAME)";
				SWIFT_EMIT_LOC_STRINGS = NO;
				SWIFT_VERSION = 5.0;
				TARGETED_DEVICE_FAMILY = "1,2";
				TEST_TARGET_NAME = FavouritePlaces;
			};
			name = Debug;
		};
		BFDC7251281FB377008DD11D /* Release */ = {
			isa = XCBuildConfiguration;
			buildSettings = {
				ALWAYS_EMBED_SWIFT_STANDARD_LIBRARIES = YES;
				CODE_SIGN_STYLE = Automatic;
				CURRENT_PROJECT_VERSION = 1;
				GENERATE_INFOPLIST_FILE = YES;
				MARKETING_VERSION = 1.0;
				PRODUCT_BUNDLE_IDENTIFIER = timjahnke.FavouritePlacesUITests;
				PRODUCT_NAME = "$(TARGET_NAME)";
				SWIFT_EMIT_LOC_STRINGS = NO;
				SWIFT_VERSION = 5.0;
				TARGETED_DEVICE_FAMILY = "1,2";
				TEST_TARGET_NAME = FavouritePlaces;
			};
			name = Release;
		};
/* End XCBuildConfiguration section */

/* Begin XCConfigurationList section */
		BFDC721B281FB373008DD11D /* Build configuration list for PBXProject "FavouritePlaces" */ = {
			isa = XCConfigurationList;
			buildConfigurations = (
				BFDC7247281FB377008DD11D /* Debug */,
				BFDC7248281FB377008DD11D /* Release */,
			);
			defaultConfigurationIsVisible = 0;
			defaultConfigurationName = Release;
		};
		BFDC7249281FB377008DD11D /* Build configuration list for PBXNativeTarget "FavouritePlaces" */ = {
			isa = XCConfigurationList;
			buildConfigurations = (
				BFDC724A281FB377008DD11D /* Debug */,
				BFDC724B281FB377008DD11D /* Release */,
			);
			defaultConfigurationIsVisible = 0;
			defaultConfigurationName = Release;
		};
		BFDC724C281FB377008DD11D /* Build configuration list for PBXNativeTarget "FavouritePlacesTests" */ = {
			isa = XCConfigurationList;
			buildConfigurations = (
				BFDC724D281FB377008DD11D /* Debug */,
				BFDC724E281FB377008DD11D /* Release */,
			);
			defaultConfigurationIsVisible = 0;
			defaultConfigurationName = Release;
		};
		BFDC724F281FB377008DD11D /* Build configuration list for PBXNativeTarget "FavouritePlacesUITests" */ = {
			isa = XCConfigurationList;
			buildConfigurations = (
				BFDC7250281FB377008DD11D /* Debug */,
				BFDC7251281FB377008DD11D /* Release */,
			);
			defaultConfigurationIsVisible = 0;
			defaultConfigurationName = Release;
		};
/* End XCConfigurationList section */

/* Begin XCVersionGroup section */
		BFDC722E281FB377008DD11D /* FavouritePlaces.xcdatamodeld */ = {
			isa = XCVersionGroup;
			children = (
				BFDC722F281FB377008DD11D /* FavouritePlaces.xcdatamodel */,
			);
			currentVersion = BFDC722F281FB377008DD11D /* FavouritePlaces.xcdatamodel */;
			path = FavouritePlaces.xcdatamodeld;
			sourceTree = "<group>";
			versionGroupType = wrapper.xcdatamodel;
		};
/* End XCVersionGroup section */
	};
	rootObject = BFDC7218281FB373008DD11D /* Project object */;
}
